
Microsoft Visual Studio Solution File, Format Version 12.00
# Visual Studio 2017
Project("{FAE04EC0-301F-11D3-BF4B-00C04F79EFBC}") = "(migrated) Skyblock", "(migrated) Skyblock.csproj", "{28A56801-F0F6-2F6B-635E-08026FE9EFFF}"
EndProject
Global
	GlobalSection(SolutionConfigurationPlatforms) = preSolution
		Debug|Any CPU = Debug|Any CPU
		Release|Any CPU = Release|Any CPU
	EndGlobalSection
	GlobalSection(ProjectConfigurationPlatforms) = postSolution
		{28A56801-F0F6-2F6B-635E-08026FE9EFFF}.Debug|Any CPU.ActiveCfg = Debug|Any CPU
		{28A56801-F0F6-2F6B-635E-08026FE9EFFF}.Debug|Any CPU.Build.0 = Debug|Any CPU
		{28A56801-F0F6-2F6B-635E-08026FE9EFFF}.Release|Any CPU.ActiveCfg = Release|Any CPU
		{28A56801-F0F6-2F6B-635E-08026FE9EFFF}.Release|Any CPU.Build.0 = Release|Any CPU
	EndGlobalSection
	GlobalSection(SolutionProperties) = preSolution
		HideSolutionNode = FALSE
	EndGlobalSection
EndGlobal
