
Microsoft Visual Studio Solution File, Format Version 12.00
# Visual Studio 2017
Project("{FAE04EC0-301F-11D3-BF4B-00C04F79EFBC}") = "Skyblock", "Skyblock.csproj", "{4D607CA4-7F27-33A3-6DA7-CE733B5C5827}"
EndProject
Global
	GlobalSection(SolutionConfigurationPlatforms) = preSolution
		Debug|Any CPU = Debug|Any CPU
		Release|Any CPU = Release|Any CPU
	EndGlobalSection
	GlobalSection(ProjectConfigurationPlatforms) = postSolution
		{4D607CA4-7F27-33A3-6DA7-CE733B5C5827}.Debug|Any CPU.ActiveCfg = Debug|Any CPU
		{4D607CA4-7F27-33A3-6DA7-CE733B5C5827}.Debug|Any CPU.Build.0 = Debug|Any CPU
		{4D607CA4-7F27-33A3-6DA7-CE733B5C5827}.Release|Any CPU.ActiveCfg = Release|Any CPU
		{4D607CA4-7F27-33A3-6DA7-CE733B5C5827}.Release|Any CPU.Build.0 = Release|Any CPU
	EndGlobalSection
	GlobalSection(SolutionProperties) = preSolution
		HideSolutionNode = FALSE
	EndGlobalSection
EndGlobal
